Microsoft Visual Studio Solution File, Format Version 12.00
# Visual Studio Version 17
VisualStudioVersion = 17.0.31903.59
MinimumVisualStudioVersion = 10.0.40219.1
Project("{2150E333-8FDC-42A3-9474-1A3956D46DE8}") = "1-UnitOfTests", "1-UnitOfTests", "{126DD9C9-8696-49A5-B325-A21FB734DB89}"
EndProject
Project("{2150E333-8FDC-42A3-9474-1A3956D46DE8}") = "1.1-BasicTests", "1.1-BasicTests", "{00347A43-6977-4DA4-B77B-B6E118F366D6}"
EndProject
Project("{9A19103F-16F7-4668-BE54-9A1E7A4F7556}") = "Demo", "UnitOfTests\src\Demo\Demo.csproj", "{0215BCE9-9386-4A9A-B69B-51FCD3AA13CC}"
EndProject
Project("{9A19103F-16F7-4668-BE54-9A1E7A4F7556}") = "Demo.Tests", "UnitOfTests\tests\Demo.Tests\Demo.Tests.csproj", "{8359021D-BE34-4667-BD61-FB31085D158B}"
EndProject
Project("{2150E333-8FDC-42A3-9474-1A3956D46DE8}") = "1.2-Features", "1.2-Features", "{7A4B8370-BFD7-463E-8464-8A0E2300789D}"
EndProject
Project("{9A19103F-16F7-4668-BE54-9A1E7A4F7556}") = "Features", "UnitOfTests\src\Features\Features.csproj", "{CE1DE04C-8B4A-40DE-92BF-4952D5B40198}"
EndProject
Project("{9A19103F-16F7-4668-BE54-9A1E7A4F7556}") = "Features.Tests", "UnitOfTests\tests\Features.Tests\Features.Tests.csproj", "{9A218171-B9B5-4CE7-8263-1F4DE14FAF8C}"
EndProject
Project("{2150E333-8FDC-42A3-9474-1A3956D46DE8}") = "2-TDD", "2-TDD", "{C51EA3F5-94CB-4F64-A081-BA86B487E375}"
EndProject
Project("{9A19103F-16F7-4668-BE54-9A1E7A4F7556}") = "Store.Core", "TDD\src\Store.Core\Store.Core.csproj", "{2FDCCC8D-A5CD-4672-A50E-C0D8D05BAF73}"
EndProject
Project("{9A19103F-16F7-4668-BE54-9A1E7A4F7556}") = "Store.Sales.App", "TDD\src\Store.Vendas.App\Store.Sales.App.csproj", "{E5413301-7AB4-4C1F-B1CB-9A28C384F213}"
EndProject
Project("{9A19103F-16F7-4668-BE54-9A1E7A4F7556}") = "Store.Sales.Data", "TDD\src\Store.Sales.Data\Store.Sales.Data.csproj", "{D0AE0331-6DA3-4B37-A172-6A456CDAF124}"
EndProject
Project("{9A19103F-16F7-4668-BE54-9A1E7A4F7556}") = "Store.Sales.Domain", "TDD\src\Store.Sales.Domain\Store.Sales.Domain.csproj", "{FB89EBDB-B0C5-494A-9B29-326F7684A89B}"
EndProject
Project("{FAE04EC0-301F-11D3-BF4B-00C04F79EFBC}") = "Store.Sales.App.Tests", "TDD\tests\Store.Sales.App.Tests\Store.Sales.App.Tests.csproj", "{3C9DC525-3830-42B6-AC3D-2B357F36FA80}"
EndProject
Project("{FAE04EC0-301F-11D3-BF4B-00C04F79EFBC}") = "Store.Sales.Domain.Tests", "TDD\tests\Store.Sales.Domain.Tests\Store.Sales.Domain.Tests.csproj", "{38060FD1-F019-410B-A5A4-1D19331BA9DE}"
EndProject
Project("{2150E333-8FDC-42A3-9474-1A3956D46DE8}") = "Tests", "Tests", "{98851477-93D8-4264-B9B2-2B421513783F}"
EndProject
Global
	GlobalSection(SolutionConfigurationPlatforms) = preSolution
		Debug|Any CPU = Debug|Any CPU
		Release|Any CPU = Release|Any CPU
	EndGlobalSection
	GlobalSection(ProjectConfigurationPlatforms) = postSolution
		{0215BCE9-9386-4A9A-B69B-51FCD3AA13CC}.Debug|Any CPU.ActiveCfg = Debug|Any CPU
		{0215BCE9-9386-4A9A-B69B-51FCD3AA13CC}.Debug|Any CPU.Build.0 = Debug|Any CPU
		{0215BCE9-9386-4A9A-B69B-51FCD3AA13CC}.Release|Any CPU.ActiveCfg = Release|Any CPU
		{0215BCE9-9386-4A9A-B69B-51FCD3AA13CC}.Release|Any CPU.Build.0 = Release|Any CPU
		{8359021D-BE34-4667-BD61-FB31085D158B}.Debug|Any CPU.ActiveCfg = Debug|Any CPU
		{8359021D-BE34-4667-BD61-FB31085D158B}.Debug|Any CPU.Build.0 = Debug|Any CPU
		{8359021D-BE34-4667-BD61-FB31085D158B}.Release|Any CPU.ActiveCfg = Release|Any CPU
		{8359021D-BE34-4667-BD61-FB31085D158B}.Release|Any CPU.Build.0 = Release|Any CPU
		{CE1DE04C-8B4A-40DE-92BF-4952D5B40198}.Debug|Any CPU.ActiveCfg = Debug|Any CPU
		{CE1DE04C-8B4A-40DE-92BF-4952D5B40198}.Debug|Any CPU.Build.0 = Debug|Any CPU
		{CE1DE04C-8B4A-40DE-92BF-4952D5B40198}.Release|Any CPU.ActiveCfg = Release|Any CPU
		{CE1DE04C-8B4A-40DE-92BF-4952D5B40198}.Release|Any CPU.Build.0 = Release|Any CPU
		{9A218171-B9B5-4CE7-8263-1F4DE14FAF8C}.Debug|Any CPU.ActiveCfg = Debug|Any CPU
		{9A218171-B9B5-4CE7-8263-1F4DE14FAF8C}.Debug|Any CPU.Build.0 = Debug|Any CPU
		{9A218171-B9B5-4CE7-8263-1F4DE14FAF8C}.Release|Any CPU.ActiveCfg = Release|Any CPU
		{9A218171-B9B5-4CE7-8263-1F4DE14FAF8C}.Release|Any CPU.Build.0 = Release|Any CPU
		{2FDCCC8D-A5CD-4672-A50E-C0D8D05BAF73}.Debug|Any CPU.ActiveCfg = Debug|Any CPU
		{2FDCCC8D-A5CD-4672-A50E-C0D8D05BAF73}.Debug|Any CPU.Build.0 = Debug|Any CPU
		{2FDCCC8D-A5CD-4672-A50E-C0D8D05BAF73}.Release|Any CPU.ActiveCfg = Release|Any CPU
		{2FDCCC8D-A5CD-4672-A50E-C0D8D05BAF73}.Release|Any CPU.Build.0 = Release|Any CPU
		{E5413301-7AB4-4C1F-B1CB-9A28C384F213}.Debug|Any CPU.ActiveCfg = Debug|Any CPU
		{E5413301-7AB4-4C1F-B1CB-9A28C384F213}.Debug|Any CPU.Build.0 = Debug|Any CPU
		{E5413301-7AB4-4C1F-B1CB-9A28C384F213}.Release|Any CPU.ActiveCfg = Release|Any CPU
		{E5413301-7AB4-4C1F-B1CB-9A28C384F213}.Release|Any CPU.Build.0 = Release|Any CPU
		{D0AE0331-6DA3-4B37-A172-6A456CDAF124}.Debug|Any CPU.ActiveCfg = Debug|Any CPU
		{D0AE0331-6DA3-4B37-A172-6A456CDAF124}.Debug|Any CPU.Build.0 = Debug|Any CPU
		{D0AE0331-6DA3-4B37-A172-6A456CDAF124}.Release|Any CPU.ActiveCfg = Release|Any CPU
		{D0AE0331-6DA3-4B37-A172-6A456CDAF124}.Release|Any CPU.Build.0 = Release|Any CPU
		{FB89EBDB-B0C5-494A-9B29-326F7684A89B}.Debug|Any CPU.ActiveCfg = Debug|Any CPU
		{FB89EBDB-B0C5-494A-9B29-326F7684A89B}.Debug|Any CPU.Build.0 = Debug|Any CPU
		{FB89EBDB-B0C5-494A-9B29-326F7684A89B}.Release|Any CPU.ActiveCfg = Release|Any CPU
		{FB89EBDB-B0C5-494A-9B29-326F7684A89B}.Release|Any CPU.Build.0 = Release|Any CPU
		{3C9DC525-3830-42B6-AC3D-2B357F36FA80}.Debug|Any CPU.ActiveCfg = Debug|Any CPU
		{3C9DC525-3830-42B6-AC3D-2B357F36FA80}.Debug|Any CPU.Build.0 = Debug|Any CPU
		{3C9DC525-3830-42B6-AC3D-2B357F36FA80}.Release|Any CPU.ActiveCfg = Release|Any CPU
		{3C9DC525-3830-42B6-AC3D-2B357F36FA80}.Release|Any CPU.Build.0 = Release|Any CPU
		{38060FD1-F019-410B-A5A4-1D19331BA9DE}.Debug|Any CPU.ActiveCfg = Debug|Any CPU
		{38060FD1-F019-410B-A5A4-1D19331BA9DE}.Debug|Any CPU.Build.0 = Debug|Any CPU
		{38060FD1-F019-410B-A5A4-1D19331BA9DE}.Release|Any CPU.ActiveCfg = Release|Any CPU
		{38060FD1-F019-410B-A5A4-1D19331BA9DE}.Release|Any CPU.Build.0 = Release|Any CPU
	EndGlobalSection
	GlobalSection(SolutionProperties) = preSolution
		HideSolutionNode = FALSE
	EndGlobalSection
	GlobalSection(NestedProjects) = preSolution
		{00347A43-6977-4DA4-B77B-B6E118F366D6} = {126DD9C9-8696-49A5-B325-A21FB734DB89}
		{0215BCE9-9386-4A9A-B69B-51FCD3AA13CC} = {00347A43-6977-4DA4-B77B-B6E118F366D6}
		{8359021D-BE34-4667-BD61-FB31085D158B} = {00347A43-6977-4DA4-B77B-B6E118F366D6}
		{7A4B8370-BFD7-463E-8464-8A0E2300789D} = {126DD9C9-8696-49A5-B325-A21FB734DB89}
		{CE1DE04C-8B4A-40DE-92BF-4952D5B40198} = {7A4B8370-BFD7-463E-8464-8A0E2300789D}
		{9A218171-B9B5-4CE7-8263-1F4DE14FAF8C} = {7A4B8370-BFD7-463E-8464-8A0E2300789D}
		{2FDCCC8D-A5CD-4672-A50E-C0D8D05BAF73} = {C51EA3F5-94CB-4F64-A081-BA86B487E375}
		{E5413301-7AB4-4C1F-B1CB-9A28C384F213} = {C51EA3F5-94CB-4F64-A081-BA86B487E375}
		{D0AE0331-6DA3-4B37-A172-6A456CDAF124} = {C51EA3F5-94CB-4F64-A081-BA86B487E375}
		{FB89EBDB-B0C5-494A-9B29-326F7684A89B} = {C51EA3F5-94CB-4F64-A081-BA86B487E375}
		{3C9DC525-3830-42B6-AC3D-2B357F36FA80} = {98851477-93D8-4264-B9B2-2B421513783F}
		{38060FD1-F019-410B-A5A4-1D19331BA9DE} = {98851477-93D8-4264-B9B2-2B421513783F}
		{98851477-93D8-4264-B9B2-2B421513783F} = {C51EA3F5-94CB-4F64-A081-BA86B487E375}
	EndGlobalSection
	GlobalSection(ExtensibilityGlobals) = postSolution
		SolutionGuid = {C0C8DC36-2B97-422A-A109-93C41A30475E}
	EndGlobalSection
EndGlobal
